<?xml version="1.0" encoding="utf-8"?>
<Project ToolsVersion="4.0" xmlns="http://schemas.microsoft.com/developer/msbuild/2003">
  <ItemGroup>
    <Filter Include="Pliki źródłowe">
      <UniqueIdentifier>{4FC737F1-C7A5-4376-A066-2A32D752A2FF}</UniqueIdentifier>
      <Extensions>cpp;c;cc;cxx;c++;def;odl;idl;hpj;bat;asm;asmx</Extensions>
    </Filter>
    <Filter Include="Pliki nagłówkowe">
      <UniqueIdentifier>{93995380-89BD-4b04-88EB-625FBE52EBFB}</UniqueIdentifier>
      <Extensions>h;hh;hpp;hxx;h++;hm;inl;inc;ipp;xsd</Extensions>
    </Filter>
    <Filter Include="Pliki zasobów">
      <UniqueIdentifier>{67DA6AB6-F800-4c08-8B7A-83BB121AAD01}</UniqueIdentifier>
      <Extensions>rc;ico;cur;bmp;dlg;rc2;rct;bin;rgs;gif;jpg;jpeg;jpe;resx;tiff;tif;png;wav;mfcribbon-ms</Extensions>
    </Filter>
    <Filter Include="Register">
      <UniqueIdentifier>{c4e23e51-6c4b-4cf7-b545-9889ca433b15}</UniqueIdentifier>
    </Filter>
    <Filter Include="ProcFunctions">
      <UniqueIdentifier>{891e4472-1a3e-4bb6-8a77-c237b9351b51}</UniqueIdentifier>
    </Filter>
    <Filter Include="Helpers">
      <UniqueIdentifier>{47d5c234-549e-4d54-8e90-911bdc7b1f60}</UniqueIdentifier>
    </Filter>
    <Filter Include="CustomMessages">
      <UniqueIdentifier>{da6b32c6-766e-4c27-a394-9c5b6e7e3dff}</UniqueIdentifier>
    </Filter>
    <Filter Include="Game">
      <UniqueIdentifier>{83b80406-82c9-48dc-ac7c-6589ba54dc3e}</UniqueIdentifier>
    </Filter>
    <Filter Include="RNG">
      <UniqueIdentifier>{70ba1af8-007a-46c3-8834-e8f64f1d2c2d}</UniqueIdentifier>
    </Filter>
    <Filter Include="Particles">
      <UniqueIdentifier>{9b7bdba8-9fd1-40d2-b29b-d7a434450e8d}</UniqueIdentifier>
    </Filter>
  </ItemGroup>
  <ItemGroup>
    <ClInclude Include="framework.h">
      <Filter>Pliki nagłówkowe</Filter>
    </ClInclude>
    <ClInclude Include="targetver.h">
      <Filter>Pliki nagłówkowe</Filter>
    </ClInclude>
    <ClInclude Include="Resource.h">
      <Filter>Pliki nagłówkowe</Filter>
    </ClInclude>
    <ClInclude Include="WinApiBejeweled.h">
      <Filter>Pliki nagłówkowe</Filter>
    </ClInclude>
    <ClInclude Include="Register\register.h">
      <Filter>Register</Filter>
    </ClInclude>
    <ClInclude Include="ProcFunctions\procFunctions.h">
      <Filter>ProcFunctions</Filter>
    </ClInclude>
    <ClInclude Include="Helpers\strings.h">
      <Filter>Helpers</Filter>
    </ClInclude>
    <ClInclude Include="CustomMessages\customMessages.h">
      <Filter>CustomMessages</Filter>
    </ClInclude>
    <ClInclude Include="Game\game.h">
      <Filter>Game</Filter>
    </ClInclude>
    <ClInclude Include="RNG\rng.h">
      <Filter>RNG</Filter>
    </ClInclude>
    <ClInclude Include="Helpers\sizesAndColors.h">
      <Filter>Helpers</Filter>
    </ClInclude>
    <ClInclude Include="Helpers\globalVariables.h">
      <Filter>Helpers</Filter>
    </ClInclude>
    <ClInclude Include="Particles\particles.h">
      <Filter>Particles</Filter>
    </ClInclude>
  </ItemGroup>
  <ItemGroup>
    <ClCompile Include="WinApiBejeweled.cpp">
      <Filter>Pliki źródłowe</Filter>
    </ClCompile>
    <ClCompile Include="Register\register.cpp">
      <Filter>Register</Filter>
    </ClCompile>
    <ClCompile Include="ProcFunctions\mainProc.cpp">
      <Filter>ProcFunctions</Filter>
    </ClCompile>
    <ClCompile Include="ProcFunctions\aboutProc.cpp">
      <Filter>ProcFunctions</Filter>
    </ClCompile>
    <ClCompile Include="ProcFunctions\childProc.cpp">
      <Filter>ProcFunctions</Filter>
    </ClCompile>
    <ClCompile Include="Game\game.cpp">
      <Filter>Game</Filter>
    </ClCompile>
    <ClCompile Include="RNG\rng.cpp">
      <Filter>RNG</Filter>
    </ClCompile>
    <ClCompile Include="Helpers\sizesAndColors.cpp">
      <Filter>Helpers</Filter>
    </ClCompile>
    <ClCompile Include="Game\stateToColor.cpp">
      <Filter>Game</Filter>
    </ClCompile>
    <ClCompile Include="ProcFunctions\overlayProc.cpp">
      <Filter>ProcFunctions</Filter>
    </ClCompile>
    <ClCompile Include="Particles\particles.cpp">
      <Filter>Particles</Filter>
    </ClCompile>
  </ItemGroup>
  <ItemGroup>
    <ResourceCompile Include="WinApiBejeweled.rc">
      <Filter>Pliki zasobów</Filter>
    </ResourceCompile>
  </ItemGroup>
  <ItemGroup>
    <Image Include="small.ico">
      <Filter>Pliki zasobów</Filter>
    </Image>
    <Image Include="WinApiBejeweled.ico">
      <Filter>Pliki zasobów</Filter>
    </Image>
  </ItemGroup>
</Project>